lockfileVersion: 5.3

specifiers:
  '@swc/core-a': npm:@swc/core@1.2.156
  '@swc/core-b': npm:@swc/core@1.2.147

dependencies:
  '@swc/core-a': /@swc/core/1.2.156
  '@swc/core-b': /@swc/core/1.2.147

packages:

  /@swc/core-android-arm-eabi/1.2.147:
    resolution: {integrity: sha512-WOCTic99tAlki8WO6FhaP+5uZQyTMoz50utb4+eqvKX3QKoNcVbjXrPr9m3dj+OP2LHXGebo8F4lT5gAhjsIAw==}
    engines: {node: '>=10'}
    cpu: [arm]
    os: [android]
    requiresBuild: true
    dev: false
    optional: true

  /@swc/core-android-arm-eabi/1.2.156:
    resolution: {integrity: sha512-epFJaBn/tqWxtprFucJfbJgRtCoamKUO2vxQ1VYp69VTQ78cF4kdizoxjlHjt4ZMZ+Y4AKULAtwqs4zDrQIxXg==}
    engines: {node: '>=10'}
    cpu: [arm]
    os: [android]
    requiresBuild: true
    dev: false
    optional: true

  /@swc/core-android-arm64/1.2.147:
    resolution: {integrity: sha512-cqfOZKR31k4HCy2qDUnpE1fZ+d9xqEicxxtpeAik580DBXZ0GAgFqwtjY5FLhTPhiXZBZnoZ61NtwL2jxfDj2w==}
    engines: {node: '>=10'}
    cpu: [arm64]
    os: [android]
    requiresBuild: true
    dev: false
    optional: true

  /@swc/core-android-arm64/1.2.156:
    resolution: {integrity: sha512-gdGjd0GuAoBPJvKAbSwnzbvBBHvmmHjETH7hoTUxRlmB1QETrI7AnM3RZ75l6HtHu+RjgsiuBk2yiHbic1Hh7Q==}
    engines: {node: '>=10'}
    cpu: [arm64]
    os: [android]
    requiresBuild: true
    dev: false
    optional: true

  /@swc/core-darwin-arm64/1.2.147:
    resolution: {integrity: sha512-k4vWk67QVARnk0NaxYAWC01Aa2oYLQegqOGFllnasZcu/T/mq8H6HWHXH9efkyGNQ5S1hkgunLC2ZMcD80Tsng==}
    engines: {node: '>=10'}
    cpu: [arm64]
    os: [darwin]
    requiresBuild: true
    dev: false
    optional: true

  /@swc/core-darwin-arm64/1.2.156:
    resolution: {integrity: sha512-kFnWPrxOfIIYRqv8DCGOT8KsMPgbblLJQ45TKT1wCkCsQ3xmujC86XZMWx7xyYmDd+V6QbfawLBJvb4Pq4jvFw==}
    engines: {node: '>=10'}
    cpu: [arm64]
    os: [darwin]
    requiresBuild: true
    dev: false
    optional: true

  /@swc/core-darwin-x64/1.2.147:
    resolution: {integrity: sha512-Q7mRrgFbH7JXFAvQYqZlG0HIPy5jwAp/VGuPF9P9VPu+gZl+4oSBBCaU2cQW9FdNpdQhPJVBjq3T1Z0qK2x2ww==}
    engines: {node: '>=10'}
    cpu: [x64]
    os: [darwin]
    requiresBuild: true
    dev: false
    optional: true

  /@swc/core-darwin-x64/1.2.156:
    resolution: {integrity: sha512-G0H2zJKIWsUx9+QpontN1Rlm2g+pLuaFzHDeULRYnxEyZl2tUcvi2TuKi3imjpr26xBx9Zesz9vSThmwU9Ll2A==}
    engines: {node: '>=10'}
    cpu: [x64]
    os: [darwin]
    requiresBuild: true
    dev: false
    optional: true

  /@swc/core-freebsd-x64/1.2.147:
    resolution: {integrity: sha512-DrCOvyRWNrpwOEqEOALwsiDJcG9Ll+EuwscefJCUPWI1nXMX4JyPVBkKG55LVrerBq/+Gqqpc3pOSjBj5BZJhg==}
    engines: {node: '>=10'}
    cpu: [x64]
    os: [freebsd]
    requiresBuild: true
    dev: false
    optional: true

  /@swc/core-freebsd-x64/1.2.156:
    resolution: {integrity: sha512-S9PsqcVgG10plsoWDGAUjoH0GbM8t9PR1JFx+sAHY1JKUxSW4iwMZDGTzIrIRO3agTMZLgpoLG/LV+1Ljcrr+Q==}
    engines: {node: '>=10'}
    cpu: [x64]
    os: [freebsd]
    requiresBuild: true
    dev: false
    optional: true

  /@swc/core-linux-arm-gnueabihf/1.2.147:
    resolution: {integrity: sha512-LVM/el40J+iHswbztd/GOcNuUDNwvu0vgAf9K8G9e7zNrMu3Mb0LIF2Ee9/LYk/iRWe+W1x0AsyBWCR0DNcyeA==}
    engines: {node: '>=10'}
    cpu: [arm]
    os: [linux]
    requiresBuild: true
    dev: false
    optional: true

  /@swc/core-linux-arm-gnueabihf/1.2.156:
    resolution: {integrity: sha512-nQP/c4tvxlyCQXSByNhS4lCxSCJZ/FrCbEv5l0tAcMKdO21fYSHduAvAisQAMfyTZHCL+2ubTeWV0pd8P432Ug==}
    engines: {node: '>=10'}
    cpu: [arm]
    os: [linux]
    requiresBuild: true
    dev: false
    optional: true

  /@swc/core-linux-arm64-gnu/1.2.147:
    resolution: {integrity: sha512-rPiDrgbjx7idgQ64aJ6TE58uahvGE2oGTA7il2RmtD5pxFK0E3QN569eJvmzBagrlU848ntB0LjazAGw3rqP9g==}
    engines: {node: '>=10'}
    cpu: [arm64]
    os: [linux]
    requiresBuild: true
    dev: false
    optional: true

  /@swc/core-linux-arm64-gnu/1.2.156:
    resolution: {integrity: sha512-kRSCfVWfvukxvOFWGts1u+qoRYUbw5Hlqty0PG3/lVoDM6pu6wK4TZEEERLbUuN7TDWKbpEchpG01kGtW/g9Cg==}
    engines: {node: '>=10'}
    cpu: [arm64]
    os: [linux]
    requiresBuild: true
    dev: false
    optional: true

  /@swc/core-linux-arm64-musl/1.2.147:
    resolution: {integrity: sha512-TilrlBVkRyXrHNlTJ2WPTped+eC9R0RGu6sxzkNzcMY1DDXYDUy+Z+clotFU7t286hQy46gEdKTofsNIRzwt0g==}
    engines: {node: '>=10'}
    cpu: [arm64]
    os: [linux]
    requiresBuild: true
    dev: false
    optional: true

  /@swc/core-linux-arm64-musl/1.2.156:
    resolution: {integrity: sha512-SowJYHa2NjVCkPdg004npZj6bMdQel74G6DUD9zl8tw8QV9MLRTgp0cg6EJZdBTSjQ3M79HQYIB4cMGjm1qbJA==}
    engines: {node: '>=10'}
    cpu: [arm64]
    os: [linux]
    requiresBuild: true
    dev: false
    optional: true

  /@swc/core-linux-x64-gnu/1.2.147:
    resolution: {integrity: sha512-Trp8xOc1jSlSryEqOqNhzffZxSLIpSgTCKQZTrpyrelP0egA0hvxZun6Nb7sF97G3GI0MKg6SPP0FZo6gvI3kw==}
    engines: {node: '>=10'}
    cpu: [x64]
    os: [linux]
    requiresBuild: true
    dev: false
    optional: true

  /@swc/core-linux-x64-gnu/1.2.156:
    resolution: {integrity: sha512-qcP4xn9NDm4BkZvLDeSdRfbSUrTG87Usb0ZVtoW6L2cXBZtaOWSS62s1eALUQDDehA/HpB4qgwVFUdvzHwx8qg==}
    engines: {node: '>=10'}
    cpu: [x64]
    os: [linux]
    requiresBuild: true
    dev: false
    optional: true

  /@swc/core-linux-x64-musl/1.2.147:
    resolution: {integrity: sha512-m1Zz8DIz7somKDoJFjxrCemTlF3OtfNbRH/o9l81CaoRXTT26FmVoIP0k9tVwA6K/qybXey3XH3TX75hjwH+pw==}
    engines: {node: '>=10'}
    cpu: [x64]
    os: [linux]
    requiresBuild: true
    dev: false
    optional: true

  /@swc/core-linux-x64-musl/1.2.156:
    resolution: {integrity: sha512-l6xzgNuKB6QQYxWNMDTNVAnle/mNk35AgD83otiKoL23o8m0gxExm8OQbd0HEi/Wf6BrPl3rlxsGpYWvOJHztQ==}
    engines: {node: '>=10'}
    cpu: [x64]
    os: [linux]
    requiresBuild: true
    dev: false
    optional: true

  /@swc/core-win32-arm64-msvc/1.2.147:
    resolution: {integrity: sha512-8e2lMEBWsv2+dY0m/9hIOJjc6wf6vl++E4D7SVNYYjZQ+m/npYO5/PSrbnGLONz4Zsz94i/nJIECjaNHIJCiNw==}
    engines: {node: '>=10'}
    cpu: [arm64]
    os: [win32]
    requiresBuild: true
    dev: false
    optional: true

  /@swc/core-win32-arm64-msvc/1.2.156:
    resolution: {integrity: sha512-og3lIrHcQY0Fjxdt5LLMvUqYn1EbqrWFhpn5S9b3M5hkQO+rbZZulONWdHT0xmRzuPvyeK7ZEyLdzItWEeym8A==}
    engines: {node: '>=10'}
    cpu: [arm64]
    os: [win32]
    requiresBuild: true
    dev: false
    optional: true

  /@swc/core-win32-ia32-msvc/1.2.147:
    resolution: {integrity: sha512-YzFhcBhFruZpFVbBXr2K5rglcVe9Lx/BQ9HDes3+NkQAB8K4EeunPtqBN67YgkdDqKTGORqkMWRtWMSTECJZqQ==}
    engines: {node: '>=10'}
    cpu: [ia32]
    os: [win32]
    requiresBuild: true
    dev: false
    optional: true

  /@swc/core-win32-ia32-msvc/1.2.156:
    resolution: {integrity: sha512-08TMu53hImO8SlQmaElRQEr7z8TTtdXl9/18ZnHv1jcAIEk/5BdP8SeQaTtf2l3uQjdKdZWFZrAK12Jek4pe9w==}
    engines: {node: '>=10'}
    cpu: [ia32]
    os: [win32]
    requiresBuild: true
    dev: false
    optional: true

  /@swc/core-win32-x64-msvc/1.2.147:
    resolution: {integrity: sha512-csRYCQVL0jJtDtJX3K7u0yqFkyq/APQGHPaPMxcTMGQllEY4yX93RyAHDGVVp1PdjQ+GSWnp2i+jcF3DnjYNIQ==}
    engines: {node: '>=10'}
    cpu: [x64]
    os: [win32]
    requiresBuild: true
    dev: false
    optional: true

  /@swc/core-win32-x64-msvc/1.2.156:
    resolution: {integrity: sha512-oLfkNd+SN8gWKaT9i0awbagq2oYyLqw8GhU3bZmMI1Ssx2u2IBA1mW07LPAnXsKNEGqnayc6cY0pyCN4IVEgLQ==}
    engines: {node: '>=10'}
    cpu: [x64]
    os: [win32]
    requiresBuild: true
    dev: false
    optional: true

  /@swc/core/1.2.147:
    resolution: {integrity: sha512-FXHgp2/vbiHjOCHLxaxAblLTAw8/sCe2wEfE/BmSAdHapm/ynEAWt6+5tN0t6rVs835lCJswBK1YVsRQvnNxYA==}
    engines: {node: '>=10'}
    hasBin: true
    optionalDependencies:
      '@swc/core-android-arm-eabi': 1.2.147
      '@swc/core-android-arm64': 1.2.147
      '@swc/core-darwin-arm64': 1.2.147
      '@swc/core-darwin-x64': 1.2.147
      '@swc/core-freebsd-x64': 1.2.147
      '@swc/core-linux-arm-gnueabihf': 1.2.147
      '@swc/core-linux-arm64-gnu': 1.2.147
      '@swc/core-linux-arm64-musl': 1.2.147
      '@swc/core-linux-x64-gnu': 1.2.147
      '@swc/core-linux-x64-musl': 1.2.147
      '@swc/core-win32-arm64-msvc': 1.2.147
      '@swc/core-win32-ia32-msvc': 1.2.147
      '@swc/core-win32-x64-msvc': 1.2.147
    dev: false

  /@swc/core/1.2.156:
    resolution: {integrity: sha512-icEIxirqpbKXX7tESdfBpa7XdpX0pSWtREfhWgWHXsWiSiOjQ4Vij4fAAdIOOXxm1amCCKjr6bThOIiA0dtTug==}
    engines: {node: '>=10'}
    hasBin: true
    optionalDependencies:
      '@swc/core-android-arm-eabi': 1.2.156
      '@swc/core-android-arm64': 1.2.156
      '@swc/core-darwin-arm64': 1.2.156
      '@swc/core-darwin-x64': 1.2.156
      '@swc/core-freebsd-x64': 1.2.156
      '@swc/core-linux-arm-gnueabihf': 1.2.156
      '@swc/core-linux-arm64-gnu': 1.2.156
      '@swc/core-linux-arm64-musl': 1.2.156
      '@swc/core-linux-x64-gnu': 1.2.156
      '@swc/core-linux-x64-musl': 1.2.156
      '@swc/core-win32-arm64-msvc': 1.2.156
      '@swc/core-win32-ia32-msvc': 1.2.156
      '@swc/core-win32-x64-msvc': 1.2.156
    dev: false
